
Microsoft Visual Studio Solution File, Format Version 12.00
# Visual Studio Express 2012 for Windows Desktop
Project("{FAE04EC0-301F-11D3-BF4B-00C04F79EFBC}") = "5th2nd", "5th2nd.csproj", "{0475681C-21AF-47CD-9A67-A3FB158F847A}"
EndProject
Global
	GlobalSection(SolutionConfigurationPlatforms) = preSolution
		Debug|Any CPU = Debug|Any CPU
		Release|Any CPU = Release|Any CPU
	EndGlobalSection
	GlobalSection(ProjectConfigurationPlatforms) = postSolution
		{0475681C-21AF-47CD-9A67-A3FB158F847A}.Debug|Any CPU.ActiveCfg = Debug|Any CPU
		{0475681C-21AF-47CD-9A67-A3FB158F847A}.Debug|Any CPU.Build.0 = Debug|Any CPU
		{0475681C-21AF-47CD-9A67-A3FB158F847A}.Release|Any CPU.ActiveCfg = Release|Any CPU
		{0475681C-21AF-47CD-9A67-A3FB158F847A}.Release|Any CPU.Build.0 = Release|Any CPU
	EndGlobalSection
	GlobalSection(SolutionProperties) = preSolution
		HideSolutionNode = FALSE
	EndGlobalSection
EndGlobal
